
Microsoft Visual Studio Solution File, Format Version 12.00
# Visual Studio Version 16
VisualStudioVersion = 16.0.32602.291
MinimumVisualStudioVersion = 10.0.40219.1
Project("{8BC9CEB8-8B4A-11D0-8D11-00A0C91BC942}") = "vmp3-import-fix", "vmp3-import-fix\vmp3-import-fix.vcxproj", "{F203F02F-89D7-48AE-9CC8-D3501012FA6A}"
EndProject
Global
	GlobalSection(SolutionConfigurationPlatforms) = preSolution
		Debug(DLL)|x64 = Debug(DLL)|x64
		Debug(DLL)|x86 = Debug(DLL)|x86
		Debug(XP)|x64 = Debug(XP)|x64
		Debug(XP)|x86 = Debug(XP)|x86
		Debug|x64 = Debug|x64
		Debug|x86 = Debug|x86
		Release(DLL)|x64 = Release(DLL)|x64
		Release(DLL)|x86 = Release(DLL)|x86
		Release(XP)|x64 = Release(XP)|x64
		Release(XP)|x86 = Release(XP)|x86
		Release|x64 = Release|x64
		Release|x86 = Release|x86
	EndGlobalSection
	GlobalSection(ProjectConfigurationPlatforms) = postSolution
		{F203F02F-89D7-48AE-9CC8-D3501012FA6A}.Debug(DLL)|x64.ActiveCfg = Debug|x64
		{F203F02F-89D7-48AE-9CC8-D3501012FA6A}.Debug(DLL)|x64.Build.0 = Debug|x64
		{F203F02F-89D7-48AE-9CC8-D3501012FA6A}.Debug(DLL)|x86.ActiveCfg = Debug|Win32
		{F203F02F-89D7-48AE-9CC8-D3501012FA6A}.Debug(DLL)|x86.Build.0 = Debug|Win32
		{F203F02F-89D7-48AE-9CC8-D3501012FA6A}.Debug(XP)|x64.ActiveCfg = Debug|x64
		{F203F02F-89D7-48AE-9CC8-D3501012FA6A}.Debug(XP)|x64.Build.0 = Debug|x64
		{F203F02F-89D7-48AE-9CC8-D3501012FA6A}.Debug(XP)|x86.ActiveCfg = Debug|Win32
		{F203F02F-89D7-48AE-9CC8-D3501012FA6A}.Debug(XP)|x86.Build.0 = Debug|Win32
		{F203F02F-89D7-48AE-9CC8-D3501012FA6A}.Debug|x64.ActiveCfg = Debug|x64
		{F203F02F-89D7-48AE-9CC8-D3501012FA6A}.Debug|x64.Build.0 = Debug|x64
		{F203F02F-89D7-48AE-9CC8-D3501012FA6A}.Debug|x86.ActiveCfg = Debug|Win32
		{F203F02F-89D7-48AE-9CC8-D3501012FA6A}.Debug|x86.Build.0 = Debug|Win32
		{F203F02F-89D7-48AE-9CC8-D3501012FA6A}.Release(DLL)|x64.ActiveCfg = Release|x64
		{F203F02F-89D7-48AE-9CC8-D3501012FA6A}.Release(DLL)|x64.Build.0 = Release|x64
		{F203F02F-89D7-48AE-9CC8-D3501012FA6A}.Release(DLL)|x86.ActiveCfg = Release|Win32
		{F203F02F-89D7-48AE-9CC8-D3501012FA6A}.Release(DLL)|x86.Build.0 = Release|Win32
		{F203F02F-89D7-48AE-9CC8-D3501012FA6A}.Release(XP)|x64.ActiveCfg = Release|x64
		{F203F02F-89D7-48AE-9CC8-D3501012FA6A}.Release(XP)|x64.Build.0 = Release|x64
		{F203F02F-89D7-48AE-9CC8-D3501012FA6A}.Release(XP)|x86.ActiveCfg = Release|Win32
		{F203F02F-89D7-48AE-9CC8-D3501012FA6A}.Release(XP)|x86.Build.0 = Release|Win32
		{F203F02F-89D7-48AE-9CC8-D3501012FA6A}.Release|x64.ActiveCfg = Release|x64
		{F203F02F-89D7-48AE-9CC8-D3501012FA6A}.Release|x64.Build.0 = Release|x64
		{F203F02F-89D7-48AE-9CC8-D3501012FA6A}.Release|x86.ActiveCfg = Release|Win32
		{F203F02F-89D7-48AE-9CC8-D3501012FA6A}.Release|x86.Build.0 = Release|Win32
	EndGlobalSection
	GlobalSection(SolutionProperties) = preSolution
		HideSolutionNode = FALSE
	EndGlobalSection
	GlobalSection(ExtensibilityGlobals) = postSolution
		SolutionGuid = {502B43F0-DDFD-4F2A-94C3-2770590EA402}
	EndGlobalSection
EndGlobal
